
Microsoft Visual Studio Solution File, Format Version 12.00
# Visual Studio Version 17
VisualStudioVersion = 17.9.34902.65
MinimumVisualStudioVersion = 10.0.40219.1
Project("{FAE04EC0-301F-11D3-BF4B-00C04F79EFBC}") = "DDAC", "DDAC.csproj", "{D717A07C-35FD-4284-BB64-D70B6D527C84}"
EndProject
Global
	GlobalSection(SolutionConfigurationPlatforms) = preSolution
		Debug|Any CPU = Debug|Any CPU
		Release|Any CPU = Release|Any CPU
	EndGlobalSection
	GlobalSection(ProjectConfigurationPlatforms) = postSolution
		{D717A07C-35FD-4284-BB64-D70B6D527C84}.Debug|Any CPU.ActiveCfg = Debug|Any CPU
		{D717A07C-35FD-4284-BB64-D70B6D527C84}.Debug|Any CPU.Build.0 = Debug|Any CPU
		{D717A07C-35FD-4284-BB64-D70B6D527C84}.Release|Any CPU.ActiveCfg = Release|Any CPU
		{D717A07C-35FD-4284-BB64-D70B6D527C84}.Release|Any CPU.Build.0 = Release|Any CPU
	EndGlobalSection
	GlobalSection(SolutionProperties) = preSolution
		HideSolutionNode = FALSE
	EndGlobalSection
	GlobalSection(ExtensibilityGlobals) = postSolution
		SolutionGuid = {48466CF5-B63B-4C40-81BF-EF06635EC415}
	EndGlobalSection
EndGlobal
